
Microsoft Visual Studio Solution File, Format Version 12.00
# Visual Studio Version 16
VisualStudioVersion = 16.0.31129.286
MinimumVisualStudioVersion = 10.0.40219.1
Project("{FAE04EC0-301F-11D3-BF4B-00C04F79EFBC}") = "BypassETW", "BypassETW\BypassETW.csproj", "{691E28A4-2C6F-4F81-B87C-773DC5D0434B}"
EndProject
Global
	GlobalSection(SolutionConfigurationPlatforms) = preSolution
		Debug|Any CPU = Debug|Any CPU
		Debug|x64 = Debug|x64
		Debug|x86 = Debug|x86
		Release|Any CPU = Release|Any CPU
		Release|x64 = Release|x64
		Release|x86 = Release|x86
	EndGlobalSection
	GlobalSection(ProjectConfigurationPlatforms) = postSolution
		{691E28A4-2C6F-4F81-B87C-773DC5D0434B}.Debug|Any CPU.ActiveCfg = Debug|Any CPU
		{691E28A4-2C6F-4F81-B87C-773DC5D0434B}.Debug|Any CPU.Build.0 = Debug|Any CPU
		{691E28A4-2C6F-4F81-B87C-773DC5D0434B}.Debug|x64.ActiveCfg = Debug|x64
		{691E28A4-2C6F-4F81-B87C-773DC5D0434B}.Debug|x64.Build.0 = Debug|x64
		{691E28A4-2C6F-4F81-B87C-773DC5D0434B}.Debug|x86.ActiveCfg = Debug|x86
		{691E28A4-2C6F-4F81-B87C-773DC5D0434B}.Debug|x86.Build.0 = Debug|x86
		{691E28A4-2C6F-4F81-B87C-773DC5D0434B}.Release|Any CPU.ActiveCfg = Release|Any CPU
		{691E28A4-2C6F-4F81-B87C-773DC5D0434B}.Release|Any CPU.Build.0 = Release|Any CPU
		{691E28A4-2C6F-4F81-B87C-773DC5D0434B}.Release|x64.ActiveCfg = Release|x64
		{691E28A4-2C6F-4F81-B87C-773DC5D0434B}.Release|x64.Build.0 = Release|x64
		{691E28A4-2C6F-4F81-B87C-773DC5D0434B}.Release|x86.ActiveCfg = Release|x86
		{691E28A4-2C6F-4F81-B87C-773DC5D0434B}.Release|x86.Build.0 = Release|x86
	EndGlobalSection
	GlobalSection(SolutionProperties) = preSolution
		HideSolutionNode = FALSE
	EndGlobalSection
	GlobalSection(ExtensibilityGlobals) = postSolution
		SolutionGuid = {87C79C35-84B9-4CAA-A7B5-AE82A8AD16A1}
	EndGlobalSection
EndGlobal
